// !$*UTF8*$!
{
	archiveVersion = 1;
	classes = {
	};
	objectVersion = 46;
	objects = {

/* Begin PBXBuildFile section */
		BAF432B610306EDA4017586B /* libPods-网易新闻.a in Frameworks */ = {isa = PBXBuildFile; fileRef = 8A48D61C71680CD7A676BDA2 /* libPods-网易新闻.a */; };
		FF457C881CC66FF9001CD089 /* JDDetailNewsController.m in Sources */ = {isa = PBXBuildFile; fileRef = FF457C871CC66FF9001CD089 /* JDDetailNewsController.m */; };
		FF457C8A1CC67593001CD089 /* detail.html in Resources */ = {isa = PBXBuildFile; fileRef = FF457C891CC67593001CD089 /* detail.html */; };
		FF81DE7B1CBD206D005E96EA /* JDHeadLineModel.m in Sources */ = {isa = PBXBuildFile; fileRef = FF81DE7A1CBD206D005E96EA /* JDHeadLineModel.m */; };
		FF81DE7E1CBD216C005E96EA /* JDNewsTool.m in Sources */ = {isa = PBXBuildFile; fileRef = FF81DE7D1CBD216C005E96EA /* JDNewsTool.m */; };
		FF82EB321CC1DC3500189320 /* NSObject+Log.m in Sources */ = {isa = PBXBuildFile; fileRef = FF82EB311CC1DC3500189320 /* NSObject+Log.m */; };
		FFC21C601CBB93B000C6026E /* main.m in Sources */ = {isa = PBXBuildFile; fileRef = FFC21C5F1CBB93B000C6026E /* main.m */; };
		FFC21C631CBB93B000C6026E /* AppDelegate.m in Sources */ = {isa = PBXBuildFile; fileRef = FFC21C621CBB93B000C6026E /* AppDelegate.m */; };
		FFC21C661CBB93B000C6026E /* JDHeadLineController.m in Sources */ = {isa = PBXBuildFile; fileRef = FFC21C651CBB93B000C6026E /* JDHeadLineController.m */; };
		FFC21C691CBB93B000C6026E /* Main.storyboard in Resources */ = {isa = PBXBuildFile; fileRef = FFC21C671CBB93B000C6026E /* Main.storyboard */; };
		FFC21C6B1CBB93B000C6026E /* Assets.xcassets in Resources */ = {isa = PBXBuildFile; fileRef = FFC21C6A1CBB93B000C6026E /* Assets.xcassets */; };
		FFC21C6E1CBB93B000C6026E /* LaunchScreen.storyboard in Resources */ = {isa = PBXBuildFile; fileRef = FFC21C6C1CBB93B000C6026E /* LaunchScreen.storyboard */; };
		FFF070071CBEA968008B836F /* JDLoopView.m in Sources */ = {isa = PBXBuildFile; fileRef = FFF070061CBEA968008B836F /* JDLoopView.m */; };
		FFF0700A1CBEADAE008B836F /* JDLoopViewFLowLayout.m in Sources */ = {isa = PBXBuildFile; fileRef = FFF070091CBEADAE008B836F /* JDLoopViewFLowLayout.m */; };
		FFF0700D1CBEADD7008B836F /* JDLoopViewCell.m in Sources */ = {isa = PBXBuildFile; fileRef = FFF0700C1CBEADD7008B836F /* JDLoopViewCell.m */; };
		FFF070DE1CC08F15008B836F /* JDNewsModel.m in Sources */ = {isa = PBXBuildFile; fileRef = FFF070DD1CC08F15008B836F /* JDNewsModel.m */; };
		FFF070E01CC08F28008B836F /* news.storyboard in Resources */ = {isa = PBXBuildFile; fileRef = FFF070DF1CC08F28008B836F /* news.storyboard */; };
		FFF070E31CC09047008B836F /* JDNewsViewController.m in Sources */ = {isa = PBXBuildFile; fileRef = FFF070E21CC09047008B836F /* JDNewsViewController.m */; };
		FFF070E61CC0BE40008B836F /* JDNewsCell.m in Sources */ = {isa = PBXBuildFile; fileRef = FFF070E51CC0BE40008B836F /* JDNewsCell.m */; };
		FFFFEB941CC21B09000F366A /* JDHomeController.m in Sources */ = {isa = PBXBuildFile; fileRef = FFFFEB931CC21B09000F366A /* JDHomeController.m */; };
		FFFFEB961CC21B1E000F366A /* home.storyboard in Resources */ = {isa = PBXBuildFile; fileRef = FFFFEB951CC21B1E000F366A /* home.storyboard */; };
		FFFFEB991CC224A0000F366A /* JDHomeViewCell.m in Sources */ = {isa = PBXBuildFile; fileRef = FFFFEB981CC224A0000F366A /* JDHomeViewCell.m */; };
		FFFFEB9C1CC22600000F366A /* JDChannelModel.m in Sources */ = {isa = PBXBuildFile; fileRef = FFFFEB9B1CC22600000F366A /* JDChannelModel.m */; };
		FFFFEB9E1CC22832000F366A /* topic_news.json in Resources */ = {isa = PBXBuildFile; fileRef = FFFFEB9D1CC22832000F366A /* topic_news.json */; };
		FFFFEBA11CC236EF000F366A /* JDChannelLabel.m in Sources */ = {isa = PBXBuildFile; fileRef = FFFFEBA01CC236EF000F366A /* JDChannelLabel.m */; };
/* End PBXBuildFile section */

/* Begin PBXFileReference section */
		4841F8449CC31FD831C6D65E /* Pods-网易新闻.release.xcconfig */ = {isa = PBXFileReference; includeInIndex = 1; lastKnownFileType = text.xcconfig; name = "Pods-网易新闻.release.xcconfig"; path = "Pods/Target Support Files/Pods-网易新闻/Pods-网易新闻.release.xcconfig"; sourceTree = "<group>"; };
		8A48D61C71680CD7A676BDA2 /* libPods-网易新闻.a */ = {isa = PBXFileReference; explicitFileType = archive.ar; includeInIndex = 0; path = "libPods-网易新闻.a"; sourceTree = BUILT_PRODUCTS_DIR; };
		F714C53F5171AE3ED046AA79 /* Pods-网易新闻.debug.xcconfig */ = {isa = PBXFileReference; includeInIndex = 1; lastKnownFileType = text.xcconfig; name = "Pods-网易新闻.debug.xcconfig"; path = "Pods/Target Support Files/Pods-网易新闻/Pods-网易新闻.debug.xcconfig"; sourceTree = "<group>"; };
		FF368C721CBD32BD003F480C /* Header.h */ = {isa = PBXFileReference; lastKnownFileType = sourcecode.c.h; path = Header.h; sourceTree = "<group>"; };
		FF457C861CC66FF9001CD089 /* JDDetailNewsController.h */ = {isa = PBXFileReference; fileEncoding = 4; lastKnownFileType = sourcecode.c.h; path = JDDetailNewsController.h; sourceTree = "<group>"; };
		FF457C871CC66FF9001CD089 /* JDDetailNewsController.m */ = {isa = PBXFileReference; fileEncoding = 4; lastKnownFileType = sourcecode.c.objc; path = JDDetailNewsController.m; sourceTree = "<group>"; };
		FF457C891CC67593001CD089 /* detail.html */ = {isa = PBXFileReference; fileEncoding = 4; lastKnownFileType = text.html; path = detail.html; sourceTree = "<group>"; };
		FF81DE791CBD206D005E96EA /* JDHeadLineModel.h */ = {isa = PBXFileReference; fileEncoding = 4; lastKnownFileType = sourcecode.c.h; path = JDHeadLineModel.h; sourceTree = "<group>"; };
		FF81DE7A1CBD206D005E96EA /* JDHeadLineModel.m */ = {isa = PBXFileReference; fileEncoding = 4; lastKnownFileType = sourcecode.c.objc; path = JDHeadLineModel.m; sourceTree = "<group>"; };
		FF81DE7C1CBD216C005E96EA /* JDNewsTool.h */ = {isa = PBXFileReference; fileEncoding = 4; lastKnownFileType = sourcecode.c.h; path = JDNewsTool.h; sourceTree = "<group>"; usesTabs = 0; };
		FF81DE7D1CBD216C005E96EA /* JDNewsTool.m */ = {isa = PBXFileReference; fileEncoding = 4; lastKnownFileType = sourcecode.c.objc; path = JDNewsTool.m; sourceTree = "<group>"; };
		FF82EB301CC1DC3500189320 /* NSObject+Log.h */ = {isa = PBXFileReference; fileEncoding = 4; lastKnownFileType = sourcecode.c.h; path = "NSObject+Log.h"; sourceTree = "<group>"; };
		FF82EB311CC1DC3500189320 /* NSObject+Log.m */ = {isa = PBXFileReference; fileEncoding = 4; lastKnownFileType = sourcecode.c.objc; path = "NSObject+Log.m"; sourceTree = "<group>"; };
		FFC21C5B1CBB93B000C6026E /* 网易新闻.app */ = {isa = PBXFileReference; explicitFileType = wrapper.application; includeInIndex = 0; path = "网易新闻.app"; sourceTree = BUILT_PRODUCTS_DIR; };
		FFC21C5F1CBB93B000C6026E /* main.m */ = {isa = PBXFileReference; lastKnownFileType = sourcecode.c.objc; path = main.m; sourceTree = "<group>"; };
		FFC21C611CBB93B000C6026E /* AppDelegate.h */ = {isa = PBXFileReference; lastKnownFileType = sourcecode.c.h; path = AppDelegate.h; sourceTree = "<group>"; };
		FFC21C621CBB93B000C6026E /* AppDelegate.m */ = {isa = PBXFileReference; lastKnownFileType = sourcecode.c.objc; path = AppDelegate.m; sourceTree = "<group>"; };
		FFC21C641CBB93B000C6026E /* JDHeadLineController.h */ = {isa = PBXFileReference; lastKnownFileType = sourcecode.c.h; path = JDHeadLineController.h; sourceTree = "<group>"; };
		FFC21C651CBB93B000C6026E /* JDHeadLineController.m */ = {isa = PBXFileReference; lastKnownFileType = sourcecode.c.objc; path = JDHeadLineController.m; sourceTree = "<group>"; };
		FFC21C681CBB93B000C6026E /* Base */ = {isa = PBXFileReference; lastKnownFileType = file.storyboard; name = Base; path = Base.lproj/Main.storyboard; sourceTree = "<group>"; };
		FFC21C6A1CBB93B000C6026E /* Assets.xcassets */ = {isa = PBXFileReference; lastKnownFileType = folder.assetcatalog; path = Assets.xcassets; sourceTree = "<group>"; };
		FFC21C6D1CBB93B000C6026E /* Base */ = {isa = PBXFileReference; lastKnownFileType = file.storyboard; name = Base; path = Base.lproj/LaunchScreen.storyboard; sourceTree = "<group>"; };
		FFC21C6F1CBB93B000C6026E /* Info.plist */ = {isa = PBXFileReference; lastKnownFileType = text.plist.xml; path = Info.plist; sourceTree = "<group>"; };
		FFF070051CBEA968008B836F /* JDLoopView.h */ = {isa = PBXFileReference; fileEncoding = 4; lastKnownFileType = sourcecode.c.h; path = JDLoopView.h; sourceTree = "<group>"; };
		FFF070061CBEA968008B836F /* JDLoopView.m */ = {isa = PBXFileReference; fileEncoding = 4; lastKnownFileType = sourcecode.c.objc; path = JDLoopView.m; sourceTree = "<group>"; };
		FFF070081CBEADAE008B836F /* JDLoopViewFLowLayout.h */ = {isa = PBXFileReference; fileEncoding = 4; lastKnownFileType = sourcecode.c.h; path = JDLoopViewFLowLayout.h; sourceTree = "<group>"; };
		FFF070091CBEADAE008B836F /* JDLoopViewFLowLayout.m */ = {isa = PBXFileReference; fileEncoding = 4; lastKnownFileType = sourcecode.c.objc; path = JDLoopViewFLowLayout.m; sourceTree = "<group>"; };
		FFF0700B1CBEADD7008B836F /* JDLoopViewCell.h */ = {isa = PBXFileReference; fileEncoding = 4; lastKnownFileType = sourcecode.c.h; path = JDLoopViewCell.h; sourceTree = "<group>"; };
		FFF0700C1CBEADD7008B836F /* JDLoopViewCell.m */ = {isa = PBXFileReference; fileEncoding = 4; lastKnownFileType = sourcecode.c.objc; path = JDLoopViewCell.m; sourceTree = "<group>"; };
		FFF070DC1CC08F15008B836F /* JDNewsModel.h */ = {isa = PBXFileReference; fileEncoding = 4; lastKnownFileType = sourcecode.c.h; path = JDNewsModel.h; sourceTree = "<group>"; };
		FFF070DD1CC08F15008B836F /* JDNewsModel.m */ = {isa = PBXFileReference; fileEncoding = 4; lastKnownFileType = sourcecode.c.objc; path = JDNewsModel.m; sourceTree = "<group>"; };
		FFF070DF1CC08F28008B836F /* news.storyboard */ = {isa = PBXFileReference; fileEncoding = 4; lastKnownFileType = file.storyboard; path = news.storyboard; sourceTree = "<group>"; };
		FFF070E11CC09047008B836F /* JDNewsViewController.h */ = {isa = PBXFileReference; fileEncoding = 4; lastKnownFileType = sourcecode.c.h; path = JDNewsViewController.h; sourceTree = "<group>"; };
		FFF070E21CC09047008B836F /* JDNewsViewController.m */ = {isa = PBXFileReference; fileEncoding = 4; lastKnownFileType = sourcecode.c.objc; path = JDNewsViewController.m; sourceTree = "<group>"; };
		FFF070E41CC0BE40008B836F /* JDNewsCell.h */ = {isa = PBXFileReference; fileEncoding = 4; lastKnownFileType = sourcecode.c.h; path = JDNewsCell.h; sourceTree = "<group>"; };
		FFF070E51CC0BE40008B836F /* JDNewsCell.m */ = {isa = PBXFileReference; fileEncoding = 4; lastKnownFileType = sourcecode.c.objc; path = JDNewsCell.m; sourceTree = "<group>"; };
		FFFFEB921CC21B09000F366A /* JDHomeController.h */ = {isa = PBXFileReference; fileEncoding = 4; lastKnownFileType = sourcecode.c.h; path = JDHomeController.h; sourceTree = "<group>"; };
		FFFFEB931CC21B09000F366A /* JDHomeController.m */ = {isa = PBXFileReference; fileEncoding = 4; lastKnownFileType = sourcecode.c.objc; path = JDHomeController.m; sourceTree = "<group>"; };
		FFFFEB951CC21B1E000F366A /* home.storyboard */ = {isa = PBXFileReference; fileEncoding = 4; lastKnownFileType = file.storyboard; path = home.storyboard; sourceTree = "<group>"; };
		FFFFEB971CC224A0000F366A /* JDHomeViewCell.h */ = {isa = PBXFileReference; fileEncoding = 4; lastKnownFileType = sourcecode.c.h; path = JDHomeViewCell.h; sourceTree = "<group>"; };
		FFFFEB981CC224A0000F366A /* JDHomeViewCell.m */ = {isa = PBXFileReference; fileEncoding = 4; lastKnownFileType = sourcecode.c.objc; path = JDHomeViewCell.m; sourceTree = "<group>"; };
		FFFFEB9A1CC22600000F366A /* JDChannelModel.h */ = {isa = PBXFileReference; fileEncoding = 4; lastKnownFileType = sourcecode.c.h; path = JDChannelModel.h; sourceTree = "<group>"; };
		FFFFEB9B1CC22600000F366A /* JDChannelModel.m */ = {isa = PBXFileReference; fileEncoding = 4; lastKnownFileType = sourcecode.c.objc; path = JDChannelModel.m; sourceTree = "<group>"; };
		FFFFEB9D1CC22832000F366A /* topic_news.json */ = {isa = PBXFileReference; fileEncoding = 4; lastKnownFileType = text.json; path = topic_news.json; sourceTree = "<group>"; };
		FFFFEB9F1CC236EF000F366A /* JDChannelLabel.h */ = {isa = PBXFileReference; fileEncoding = 4; lastKnownFileType = sourcecode.c.h; path = JDChannelLabel.h; sourceTree = "<group>"; };
		FFFFEBA01CC236EF000F366A /* JDChannelLabel.m */ = {isa = PBXFileReference; fileEncoding = 4; lastKnownFileType = sourcecode.c.objc; path = JDChannelLabel.m; sourceTree = "<group>"; };
/* End PBXFileReference section */

/* Begin PBXFrameworksBuildPhase section */
		FFC21C581CBB93B000C6026E /* Frameworks */ = {
			isa = PBXFrameworksBuildPhase;
			buildActionMask = 2147483647;
			files = (
				BAF432B610306EDA4017586B /* libPods-网易新闻.a in Frameworks */,
			);
			runOnlyForDeploymentPostprocessing = 0;
		};
/* End PBXFrameworksBuildPhase section */

/* Begin PBXGroup section */
		9F074CA4CFCD35F495552605 /* Frameworks */ = {
			isa = PBXGroup;
			children = (
				8A48D61C71680CD7A676BDA2 /* libPods-网易新闻.a */,
			);
			name = Frameworks;
			sourceTree = "<group>";
		};
		EC514C7AD7F8C45AC7150950 /* Pods */ = {
			isa = PBXGroup;
			children = (
				F714C53F5171AE3ED046AA79 /* Pods-网易新闻.debug.xcconfig */,
				4841F8449CC31FD831C6D65E /* Pods-网易新闻.release.xcconfig */,
			);
			name = Pods;
			sourceTree = "<group>";
		};
		FF81DE771CBD2030005E96EA /* tools */ = {
			isa = PBXGroup;
			children = (
				FF81DE7C1CBD216C005E96EA /* JDNewsTool.h */,
				FF81DE7D1CBD216C005E96EA /* JDNewsTool.m */,
			);
			name = tools;
			sourceTree = "<group>";
		};
		FF81DE781CBD203B005E96EA /* HeadLine */ = {
			isa = PBXGroup;
			children = (
				FF81DE791CBD206D005E96EA /* JDHeadLineModel.h */,
				FF81DE7A1CBD206D005E96EA /* JDHeadLineModel.m */,
				FFC21C641CBB93B000C6026E /* JDHeadLineController.h */,
				FFC21C651CBB93B000C6026E /* JDHeadLineController.m */,
			);
			name = HeadLine;
			sourceTree = "<group>";
		};
		FF82EB2F1CC1DC3500189320 /* Log */ = {
			isa = PBXGroup;
			children = (
				FF82EB301CC1DC3500189320 /* NSObject+Log.h */,
				FF82EB311CC1DC3500189320 /* NSObject+Log.m */,
			);
			path = Log;
			sourceTree = "<group>";
		};
		FFC21C521CBB93B000C6026E = {
			isa = PBXGroup;
			children = (
				FFC21C5D1CBB93B000C6026E /* 网易新闻 */,
				FFC21C5C1CBB93B000C6026E /* Products */,
				EC514C7AD7F8C45AC7150950 /* Pods */,
				9F074CA4CFCD35F495552605 /* Frameworks */,
			);
			sourceTree = "<group>";
		};
		FFC21C5C1CBB93B000C6026E /* Products */ = {
			isa = PBXGroup;
			children = (
				FFC21C5B1CBB93B000C6026E /* 网易新闻.app */,
			);
			name = Products;
			sourceTree = "<group>";
		};
		FFC21C5D1CBB93B000C6026E /* 网易新闻 */ = {
			isa = PBXGroup;
			children = (
				FFFFEB911CC21AD5000F366A /* Home */,
				FF82EB2F1CC1DC3500189320 /* Log */,
				FFF070DB1CC08EF0008B836F /* News */,
				FFF070041CBEA908008B836F /* LoopView */,
				FF81DE781CBD203B005E96EA /* HeadLine */,
				FF81DE771CBD2030005E96EA /* tools */,
				FFC21C611CBB93B000C6026E /* AppDelegate.h */,
				FFC21C621CBB93B000C6026E /* AppDelegate.m */,
				FFC21C671CBB93B000C6026E /* Main.storyboard */,
				FFC21C6A1CBB93B000C6026E /* Assets.xcassets */,
				FFC21C6C1CBB93B000C6026E /* LaunchScreen.storyboard */,
				FFC21C6F1CBB93B000C6026E /* Info.plist */,
				FFC21C5E1CBB93B000C6026E /* Supporting Files */,
				FF368C721CBD32BD003F480C /* Header.h */,
			);
			path = "网易新闻";
			sourceTree = "<group>";
		};
		FFC21C5E1CBB93B000C6026E /* Supporting Files */ = {
			isa = PBXGroup;
			children = (
				FF457C891CC67593001CD089 /* detail.html */,
				FFFFEB9D1CC22832000F366A /* topic_news.json */,
				FFC21C5F1CBB93B000C6026E /* main.m */,
			);
			name = "Supporting Files";
			sourceTree = "<group>";
		};
		FFF070041CBEA908008B836F /* LoopView */ = {
			isa = PBXGroup;
			children = (
				FFF070051CBEA968008B836F /* JDLoopView.h */,
				FFF070061CBEA968008B836F /* JDLoopView.m */,
				FFF070081CBEADAE008B836F /* JDLoopViewFLowLayout.h */,
				FFF070091CBEADAE008B836F /* JDLoopViewFLowLayout.m */,
				FFF0700B1CBEADD7008B836F /* JDLoopViewCell.h */,
				FFF0700C1CBEADD7008B836F /* JDLoopViewCell.m */,
			);
			name = LoopView;
			sourceTree = "<group>";
		};
		FFF070DB1CC08EF0008B836F /* News */ = {
			isa = PBXGroup;
			children = (
				FFF070DC1CC08F15008B836F /* JDNewsModel.h */,
				FFF070DD1CC08F15008B836F /* JDNewsModel.m */,
				FFF070DF1CC08F28008B836F /* news.storyboard */,
				FFF070E11CC09047008B836F /* JDNewsViewController.h */,
				FFF070E21CC09047008B836F /* JDNewsViewController.m */,
				FF457C861CC66FF9001CD089 /* JDDetailNewsController.h */,
				FF457C871CC66FF9001CD089 /* JDDetailNewsController.m */,
				FFF070E41CC0BE40008B836F /* JDNewsCell.h */,
				FFF070E51CC0BE40008B836F /* JDNewsCell.m */,
			);
			name = News;
			sourceTree = "<group>";
		};
		FFFFEB911CC21AD5000F366A /* Home */ = {
			isa = PBXGroup;
			children = (
				FFFFEB9A1CC22600000F366A /* JDChannelModel.h */,
				FFFFEB9B1CC22600000F366A /* JDChannelModel.m */,
				FFFFEB9F1CC236EF000F366A /* JDChannelLabel.h */,
				FFFFEBA01CC236EF000F366A /* JDChannelLabel.m */,
				FFFFEB921CC21B09000F366A /* JDHomeController.h */,
				FFFFEB931CC21B09000F366A /* JDHomeController.m */,
				FFFFEB971CC224A0000F366A /* JDHomeViewCell.h */,
				FFFFEB981CC224A0000F366A /* JDHomeViewCell.m */,
				FFFFEB951CC21B1E000F366A /* home.storyboard */,
			);
			name = Home;
			sourceTree = "<group>";
		};
/* End PBXGroup section */

/* Begin PBXNativeTarget section */
		FFC21C5A1CBB93B000C6026E /* 网易新闻 */ = {
			isa = PBXNativeTarget;
			buildConfigurationList = FFC21C721CBB93B000C6026E /* Build configuration list for PBXNativeTarget "网易新闻" */;
			buildPhases = (
				6894F368BFA1CFDDA7E0F267 /* Check Pods Manifest.lock */,
				FFC21C571CBB93B000C6026E /* Sources */,
				FFC21C581CBB93B000C6026E /* Frameworks */,
				FFC21C591CBB93B000C6026E /* Resources */,
				352A3FB61D651A02E0F88FA3 /* Embed Pods Frameworks */,
				75307023F06150E4BADC41D3 /* Copy Pods Resources */,
			);
			buildRules = (
			);
			dependencies = (
			);
			name = "网易新闻";
			productName = "网易新闻";
			productReference = FFC21C5B1CBB93B000C6026E /* 网易新闻.app */;
			productType = "com.apple.product-type.application";
		};
/* End PBXNativeTarget section */

/* Begin PBXProject section */
		FFC21C531CBB93B000C6026E /* Project object */ = {
			isa = PBXProject;
			attributes = {
				CLASSPREFIX = JD;
				LastUpgradeCheck = 0720;
				ORGANIZATIONNAME = helangxin;
				TargetAttributes = {
					FFC21C5A1CBB93B000C6026E = {
						CreatedOnToolsVersion = 7.2;
						DevelopmentTeam = JNTFNJJP3D;
					};
				};
			};
			buildConfigurationList = FFC21C561CBB93B000C6026E /* Build configuration list for PBXProject "网易新闻" */;
			compatibilityVersion = "Xcode 3.2";
			developmentRegion = English;
			hasScannedForEncodings = 0;
			knownRegions = (
				en,
				Base,
			);
			mainGroup = FFC21C521CBB93B000C6026E;
			productRefGroup = FFC21C5C1CBB93B000C6026E /* Products */;
			projectDirPath = "";
			projectRoot = "";
			targets = (
				FFC21C5A1CBB93B000C6026E /* 网易新闻 */,
			);
		};
/* End PBXProject section */

/* Begin PBXResourcesBuildPhase section */
		FFC21C591CBB93B000C6026E /* Resources */ = {
			isa = PBXResourcesBuildPhase;
			buildActionMask = 2147483647;
			files = (
				FFFFEB9E1CC22832000F366A /* topic_news.json in Resources */,
				FFFFEB961CC21B1E000F366A /* home.storyboard in Resources */,
				FFC21C6E1CBB93B000C6026E /* LaunchScreen.storyboard in Resources */,
				FFC21C6B1CBB93B000C6026E /* Assets.xcassets in Resources */,
				FFC21C691CBB93B000C6026E /* Main.storyboard in Resources */,
				FFF070E01CC08F28008B836F /* news.storyboard in Resources */,
				FF457C8A1CC67593001CD089 /* detail.html in Resources */,
			);
			runOnlyForDeploymentPostprocessing = 0;
		};
/* End PBXResourcesBuildPhase section */

/* Begin PBXShellScriptBuildPhase section */
		352A3FB61D651A02E0F88FA3 /* Embed Pods Frameworks */ = {
			isa = PBXShellScriptBuildPhase;
			buildActionMask = 2147483647;
			files = (
			);
			inputPaths = (
			);
			name = "Embed Pods Frameworks";
			outputPaths = (
			);
			runOnlyForDeploymentPostprocessing = 0;
			shellPath = /bin/sh;
			shellScript = "\"${SRCROOT}/Pods/Target Support Files/Pods-网易新闻/Pods-网易新闻-frameworks.sh\"\n";
			showEnvVarsInLog = 0;
		};
		6894F368BFA1CFDDA7E0F267 /* Check Pods Manifest.lock */ = {
			isa = PBXShellScriptBuildPhase;
			buildActionMask = 2147483647;
			files = (
			);
			inputPaths = (
			);
			name = "Check Pods Manifest.lock";
			outputPaths = (
			);
			runOnlyForDeploymentPostprocessing = 0;
			shellPath = /bin/sh;
			shellScript = "diff \"${PODS_ROOT}/../Podfile.lock\" \"${PODS_ROOT}/Manifest.lock\" > /dev/null\nif [[ $? != 0 ]] ; then\n    cat << EOM\nerror: The sandbox is not in sync with the Podfile.lock. Run 'pod install' or update your CocoaPods installation.\nEOM\n    exit 1\nfi\n";
			showEnvVarsInLog = 0;
		};
		75307023F06150E4BADC41D3 /* Copy Pods Resources */ = {
			isa = PBXShellScriptBuildPhase;
			buildActionMask = 2147483647;
			files = (
			);
			inputPaths = (
			);
			name = "Copy Pods Resources";
			outputPaths = (
			);
			runOnlyForDeploymentPostprocessing = 0;
			shellPath = /bin/sh;
			shellScript = "\"${SRCROOT}/Pods/Target Support Files/Pods-网易新闻/Pods-网易新闻-resources.sh\"\n";
			showEnvVarsInLog = 0;
		};
/* End PBXShellScriptBuildPhase section */

/* Begin PBXSourcesBuildPhase section */
		FFC21C571CBB93B000C6026E /* Sources */ = {
			isa = PBXSourcesBuildPhase;
			buildActionMask = 2147483647;
			files = (
				FFF070DE1CC08F15008B836F /* JDNewsModel.m in Sources */,
				FFF0700A1CBEADAE008B836F /* JDLoopViewFLowLayout.m in Sources */,
				FFFFEBA11CC236EF000F366A /* JDChannelLabel.m in Sources */,
				FF82EB321CC1DC3500189320 /* NSObject+Log.m in Sources */,
				FF457C881CC66FF9001CD089 /* JDDetailNewsController.m in Sources */,
				FFF070E61CC0BE40008B836F /* JDNewsCell.m in Sources */,
				FFC21C661CBB93B000C6026E /* JDHeadLineController.m in Sources */,
				FFF070E31CC09047008B836F /* JDNewsViewController.m in Sources */,
				FF81DE7E1CBD216C005E96EA /* JDNewsTool.m in Sources */,
				FF81DE7B1CBD206D005E96EA /* JDHeadLineModel.m in Sources */,
				FFFFEB9C1CC22600000F366A /* JDChannelModel.m in Sources */,
				FFF0700D1CBEADD7008B836F /* JDLoopViewCell.m in Sources */,
				FFFFEB941CC21B09000F366A /* JDHomeController.m in Sources */,
				FFF070071CBEA968008B836F /* JDLoopView.m in Sources */,
				FFFFEB991CC224A0000F366A /* JDHomeViewCell.m in Sources */,
				FFC21C631CBB93B000C6026E /* AppDelegate.m in Sources */,
				FFC21C601CBB93B000C6026E /* main.m in Sources */,
			);
			runOnlyForDeploymentPostprocessing = 0;
		};
/* End PBXSourcesBuildPhase section */

/* Begin PBXVariantGroup section */
		FFC21C671CBB93B000C6026E /* Main.storyboard */ = {
			isa = PBXVariantGroup;
			children = (
				FFC21C681CBB93B000C6026E /* Base */,
			);
			name = Main.storyboard;
			sourceTree = "<group>";
		};
		FFC21C6C1CBB93B000C6026E /* LaunchScreen.storyboard */ = {
			isa = PBXVariantGroup;
			children = (
				FFC21C6D1CBB93B000C6026E /* Base */,
			);
			name = LaunchScreen.storyboard;
			sourceTree = "<group>";
		};
/* End PBXVariantGroup section */

/* Begin XCBuildConfiguration section */
		FFC21C701CBB93B000C6026E /* Debug */ = {
			isa = XCBuildConfiguration;
			buildSettings = {
				ALWAYS_SEARCH_USER_PATHS = NO;
				CLANG_CXX_LANGUAGE_STANDARD = "gnu++0x";
				CLANG_CXX_LIBRARY = "libc++";
				CLANG_ENABLE_MODULES = YES;
				CLANG_ENABLE_OBJC_ARC = YES;
				CLANG_WARN_BOOL_CONVERSION = YES;
				CLANG_WARN_CONSTANT_CONVERSION = YES;
				CLANG_WARN_DIRECT_OBJC_ISA_USAGE = YES_ERROR;
				CLANG_WARN_EMPTY_BODY = YES;
				CLANG_WARN_ENUM_CONVERSION = YES;
				CLANG_WARN_INT_CONVERSION = YES;
				CLANG_WARN_OBJC_ROOT_CLASS = YES_ERROR;
				CLANG_WARN_UNREACHABLE_CODE = YES;
				CLANG_WARN__DUPLICATE_METHOD_MATCH = YES;
				"CODE_SIGN_IDENTITY[sdk=iphoneos*]" = "iPhone Developer";
				COPY_PHASE_STRIP = NO;
				DEBUG_INFORMATION_FORMAT = dwarf;
				ENABLE_STRICT_OBJC_MSGSEND = YES;
				ENABLE_TESTABILITY = YES;
				GCC_C_LANGUAGE_STANDARD = gnu99;
				GCC_DYNAMIC_NO_PIC = NO;
				GCC_NO_COMMON_BLOCKS = YES;
				GCC_OPTIMIZATION_LEVEL = 0;
				GCC_PREPROCESSOR_DEFINITIONS = (
					"DEBUG=1",
					"$(inherited)",
				);
				GCC_WARN_64_TO_32_BIT_CONVERSION = YES;
				GCC_WARN_ABOUT_RETURN_TYPE = YES_ERROR;
				GCC_WARN_UNDECLARED_SELECTOR = YES;
				GCC_WARN_UNINITIALIZED_AUTOS = YES_AGGRESSIVE;
				GCC_WARN_UNUSED_FUNCTION = YES;
				GCC_WARN_UNUSED_VARIABLE = YES;
				IPHONEOS_DEPLOYMENT_TARGET = 9.2;
				MTL_ENABLE_DEBUG_INFO = YES;
				ONLY_ACTIVE_ARCH = YES;
				SDKROOT = iphoneos;
			};
			name = Debug;
		};
		FFC21C711CBB93B000C6026E /* Release */ = {
			isa = XCBuildConfiguration;
			buildSettings = {
				ALWAYS_SEARCH_USER_PATHS = NO;
				CLANG_CXX_LANGUAGE_STANDARD = "gnu++0x";
				CLANG_CXX_LIBRARY = "libc++";
				CLANG_ENABLE_MODULES = YES;
				CLANG_ENABLE_OBJC_ARC = YES;
				CLANG_WARN_BOOL_CONVERSION = YES;
				CLANG_WARN_CONSTANT_CONVERSION = YES;
				CLANG_WARN_DIRECT_OBJC_ISA_USAGE = YES_ERROR;
				CLANG_WARN_EMPTY_BODY = YES;
				CLANG_WARN_ENUM_CONVERSION = YES;
				CLANG_WARN_INT_CONVERSION = YES;
				CLANG_WARN_OBJC_ROOT_CLASS = YES_ERROR;
				CLANG_WARN_UNREACHABLE_CODE = YES;
				CLANG_WARN__DUPLICATE_METHOD_MATCH = YES;
				"CODE_SIGN_IDENTITY[sdk=iphoneos*]" = "iPhone Developer";
				COPY_PHASE_STRIP = NO;
				DEBUG_INFORMATION_FORMAT = "dwarf-with-dsym";
				ENABLE_NS_ASSERTIONS = NO;
				ENABLE_STRICT_OBJC_MSGSEND = YES;
				GCC_C_LANGUAGE_STANDARD = gnu99;
				GCC_NO_COMMON_BLOCKS = YES;
				GCC_WARN_64_TO_32_BIT_CONVERSION = YES;
				GCC_WARN_ABOUT_RETURN_TYPE = YES_ERROR;
				GCC_WARN_UNDECLARED_SELECTOR = YES;
				GCC_WARN_UNINITIALIZED_AUTOS = YES_AGGRESSIVE;
				GCC_WARN_UNUSED_FUNCTION = YES;
				GCC_WARN_UNUSED_VARIABLE = YES;
				IPHONEOS_DEPLOYMENT_TARGET = 9.2;
				MTL_ENABLE_DEBUG_INFO = NO;
				SDKROOT = iphoneos;
				VALIDATE_PRODUCT = YES;
			};
			name = Release;
		};
		FFC21C731CBB93B000C6026E /* Debug */ = {
			isa = XCBuildConfiguration;
			baseConfigurationReference = F714C53F5171AE3ED046AA79 /* Pods-网易新闻.debug.xcconfig */;
			buildSettings = {
				ASSETCATALOG_COMPILER_APPICON_NAME = AppIcon;
				INFOPLIST_FILE = "网易新闻/Info.plist";
				LD_RUNPATH_SEARCH_PATHS = "$(inherited) @executable_path/Frameworks";
				PRODUCT_BUNDLE_IDENTIFIER = "ios.----";
				PRODUCT_NAME = "$(TARGET_NAME)";
			};
			name = Debug;
		};
		FFC21C741CBB93B000C6026E /* Release */ = {
			isa = XCBuildConfiguration;
			baseConfigurationReference = 4841F8449CC31FD831C6D65E /* Pods-网易新闻.release.xcconfig */;
			buildSettings = {
				ASSETCATALOG_COMPILER_APPICON_NAME = AppIcon;
				INFOPLIST_FILE = "网易新闻/Info.plist";
				LD_RUNPATH_SEARCH_PATHS = "$(inherited) @executable_path/Frameworks";
				PRODUCT_BUNDLE_IDENTIFIER = "ios.----";
				PRODUCT_NAME = "$(TARGET_NAME)";
			};
			name = Release;
		};
/* End XCBuildConfiguration section */

/* Begin XCConfigurationList section */
		FFC21C561CBB93B000C6026E /* Build configuration list for PBXProject "网易新闻" */ = {
			isa = XCConfigurationList;
			buildConfigurations = (
				FFC21C701CBB93B000C6026E /* Debug */,
				FFC21C711CBB93B000C6026E /* Release */,
			);
			defaultConfigurationIsVisible = 0;
			defaultConfigurationName = Release;
		};
		FFC21C721CBB93B000C6026E /* Build configuration list for PBXNativeTarget "网易新闻" */ = {
			isa = XCConfigurationList;
			buildConfigurations = (
				FFC21C731CBB93B000C6026E /* Debug */,
				FFC21C741CBB93B000C6026E /* Release */,
			);
			defaultConfigurationIsVisible = 0;
			defaultConfigurationName = Release;
		};
/* End XCConfigurationList section */
	};
	rootObject = FFC21C531CBB93B000C6026E /* Project object */;
}
