// !$*UTF8*$!
{
	archiveVersion = 1;
	classes = {
	};
	objectVersion = 46;
	objects = {

/* Begin PBXBuildFile section */
		BAF432B610306EDA4017586B /* libPods-网易新闻.a in Frameworks */ = {isa = PBXBuildFile; fileRef = 8A48D61C71680CD7A676BDA2 /* libPods-网易新闻.a */; };
		FF81DE7B1CBD206D005E96EA /* JDHeadLineModel.m in Sources */ = {isa = PBXBuildFile; fileRef = FF81DE7A1CBD206D005E96EA /* JDHeadLineModel.m */; };
		FF81DE7E1CBD216C005E96EA /* JDNewsTool.m in Sources */ = {isa = PBXBuildFile; fileRef = FF81DE7D1CBD216C005E96EA /* JDNewsTool.m */; };
		FF81DE8D1CBD2209005E96EA /* AFHTTPSessionManager.m in Sources */ = {isa = PBXBuildFile; fileRef = FF81DE811CBD2209005E96EA /* AFHTTPSessionManager.m */; };
		FF81DE8E1CBD2209005E96EA /* AFNetworkReachabilityManager.m in Sources */ = {isa = PBXBuildFile; fileRef = FF81DE841CBD2209005E96EA /* AFNetworkReachabilityManager.m */; };
		FF81DE8F1CBD2209005E96EA /* AFSecurityPolicy.m in Sources */ = {isa = PBXBuildFile; fileRef = FF81DE861CBD2209005E96EA /* AFSecurityPolicy.m */; };
		FF81DE901CBD2209005E96EA /* AFURLRequestSerialization.m in Sources */ = {isa = PBXBuildFile; fileRef = FF81DE881CBD2209005E96EA /* AFURLRequestSerialization.m */; };
		FF81DE911CBD2209005E96EA /* AFURLResponseSerialization.m in Sources */ = {isa = PBXBuildFile; fileRef = FF81DE8A1CBD2209005E96EA /* AFURLResponseSerialization.m */; };
		FF81DE921CBD2209005E96EA /* AFURLSessionManager.m in Sources */ = {isa = PBXBuildFile; fileRef = FF81DE8C1CBD2209005E96EA /* AFURLSessionManager.m */; };
		FF81DE961CBD2212005E96EA /* NSObject+Log.m in Sources */ = {isa = PBXBuildFile; fileRef = FF81DE951CBD2212005E96EA /* NSObject+Log.m */; };
		FFC21C601CBB93B000C6026E /* main.m in Sources */ = {isa = PBXBuildFile; fileRef = FFC21C5F1CBB93B000C6026E /* main.m */; };
		FFC21C631CBB93B000C6026E /* AppDelegate.m in Sources */ = {isa = PBXBuildFile; fileRef = FFC21C621CBB93B000C6026E /* AppDelegate.m */; };
		FFC21C661CBB93B000C6026E /* JDHeadLineController.m in Sources */ = {isa = PBXBuildFile; fileRef = FFC21C651CBB93B000C6026E /* JDHeadLineController.m */; };
		FFC21C691CBB93B000C6026E /* Main.storyboard in Resources */ = {isa = PBXBuildFile; fileRef = FFC21C671CBB93B000C6026E /* Main.storyboard */; };
		FFC21C6B1CBB93B000C6026E /* Assets.xcassets in Resources */ = {isa = PBXBuildFile; fileRef = FFC21C6A1CBB93B000C6026E /* Assets.xcassets */; };
		FFC21C6E1CBB93B000C6026E /* LaunchScreen.storyboard in Resources */ = {isa = PBXBuildFile; fileRef = FFC21C6C1CBB93B000C6026E /* LaunchScreen.storyboard */; };
		FFF070071CBEA968008B836F /* JDLoopView.m in Sources */ = {isa = PBXBuildFile; fileRef = FFF070061CBEA968008B836F /* JDLoopView.m */; };
		FFF0700A1CBEADAE008B836F /* JDLoopViewFLowLayout.m in Sources */ = {isa = PBXBuildFile; fileRef = FFF070091CBEADAE008B836F /* JDLoopViewFLowLayout.m */; };
		FFF0700D1CBEADD7008B836F /* JDLoopViewCell.m in Sources */ = {isa = PBXBuildFile; fileRef = FFF0700C1CBEADD7008B836F /* JDLoopViewCell.m */; };
		FFF070301CBF51DF008B836F /* MKAnnotationView+WebCache.m in Sources */ = {isa = PBXBuildFile; fileRef = FFF070101CBF51DF008B836F /* MKAnnotationView+WebCache.m */; };
		FFF070311CBF51DF008B836F /* NSData+ImageContentType.m in Sources */ = {isa = PBXBuildFile; fileRef = FFF070121CBF51DF008B836F /* NSData+ImageContentType.m */; };
		FFF070321CBF51DF008B836F /* SDImageCache.m in Sources */ = {isa = PBXBuildFile; fileRef = FFF070141CBF51DF008B836F /* SDImageCache.m */; };
		FFF070331CBF51DF008B836F /* SDWebImageCompat.m in Sources */ = {isa = PBXBuildFile; fileRef = FFF070161CBF51DF008B836F /* SDWebImageCompat.m */; };
		FFF070341CBF51DF008B836F /* SDWebImageDecoder.m in Sources */ = {isa = PBXBuildFile; fileRef = FFF070181CBF51DF008B836F /* SDWebImageDecoder.m */; };
		FFF070351CBF51DF008B836F /* SDWebImageDownloader.m in Sources */ = {isa = PBXBuildFile; fileRef = FFF0701A1CBF51DF008B836F /* SDWebImageDownloader.m */; };
		FFF070361CBF51DF008B836F /* SDWebImageDownloaderOperation.m in Sources */ = {isa = PBXBuildFile; fileRef = FFF0701C1CBF51DF008B836F /* SDWebImageDownloaderOperation.m */; };
		FFF070371CBF51DF008B836F /* SDWebImageManager.m in Sources */ = {isa = PBXBuildFile; fileRef = FFF0701E1CBF51DF008B836F /* SDWebImageManager.m */; };
		FFF070381CBF51DF008B836F /* SDWebImagePrefetcher.m in Sources */ = {isa = PBXBuildFile; fileRef = FFF070211CBF51DF008B836F /* SDWebImagePrefetcher.m */; };
		FFF070391CBF51DF008B836F /* UIButton+WebCache.m in Sources */ = {isa = PBXBuildFile; fileRef = FFF070231CBF51DF008B836F /* UIButton+WebCache.m */; };
		FFF0703A1CBF51DF008B836F /* UIImage+GIF.m in Sources */ = {isa = PBXBuildFile; fileRef = FFF070251CBF51DF008B836F /* UIImage+GIF.m */; };
		FFF0703B1CBF51DF008B836F /* UIImage+MultiFormat.m in Sources */ = {isa = PBXBuildFile; fileRef = FFF070271CBF51DF008B836F /* UIImage+MultiFormat.m */; };
		FFF0703C1CBF51DF008B836F /* UIImage+WebP.m in Sources */ = {isa = PBXBuildFile; fileRef = FFF070291CBF51DF008B836F /* UIImage+WebP.m */; };
		FFF0703D1CBF51DF008B836F /* UIImageView+HighlightedWebCache.m in Sources */ = {isa = PBXBuildFile; fileRef = FFF0702B1CBF51DF008B836F /* UIImageView+HighlightedWebCache.m */; };
		FFF0703E1CBF51DF008B836F /* UIImageView+WebCache.m in Sources */ = {isa = PBXBuildFile; fileRef = FFF0702D1CBF51DF008B836F /* UIImageView+WebCache.m */; };
		FFF0703F1CBF51DF008B836F /* UIView+WebCacheOperation.m in Sources */ = {isa = PBXBuildFile; fileRef = FFF0702F1CBF51DF008B836F /* UIView+WebCacheOperation.m */; };
		FFF070DE1CC08F15008B836F /* JDNewsModel.m in Sources */ = {isa = PBXBuildFile; fileRef = FFF070DD1CC08F15008B836F /* JDNewsModel.m */; };
		FFF070E01CC08F28008B836F /* news.storyboard in Resources */ = {isa = PBXBuildFile; fileRef = FFF070DF1CC08F28008B836F /* news.storyboard */; };
		FFF070E31CC09047008B836F /* JDNewsViewController.m in Sources */ = {isa = PBXBuildFile; fileRef = FFF070E21CC09047008B836F /* JDNewsViewController.m */; };
		FFF070E61CC0BE40008B836F /* JDNewsCell.m in Sources */ = {isa = PBXBuildFile; fileRef = FFF070E51CC0BE40008B836F /* JDNewsCell.m */; };
/* End PBXBuildFile section */

/* Begin PBXFileReference section */
		4841F8449CC31FD831C6D65E /* Pods-网易新闻.release.xcconfig */ = {isa = PBXFileReference; includeInIndex = 1; lastKnownFileType = text.xcconfig; name = "Pods-网易新闻.release.xcconfig"; path = "Pods/Target Support Files/Pods-网易新闻/Pods-网易新闻.release.xcconfig"; sourceTree = "<group>"; };
		8A48D61C71680CD7A676BDA2 /* libPods-网易新闻.a */ = {isa = PBXFileReference; explicitFileType = archive.ar; includeInIndex = 0; path = "libPods-网易新闻.a"; sourceTree = BUILT_PRODUCTS_DIR; };
		F714C53F5171AE3ED046AA79 /* Pods-网易新闻.debug.xcconfig */ = {isa = PBXFileReference; includeInIndex = 1; lastKnownFileType = text.xcconfig; name = "Pods-网易新闻.debug.xcconfig"; path = "Pods/Target Support Files/Pods-网易新闻/Pods-网易新闻.debug.xcconfig"; sourceTree = "<group>"; };
		FF368C721CBD32BD003F480C /* Header.h */ = {isa = PBXFileReference; lastKnownFileType = sourcecode.c.h; path = Header.h; sourceTree = "<group>"; };
		FF81DE791CBD206D005E96EA /* JDHeadLineModel.h */ = {isa = PBXFileReference; fileEncoding = 4; lastKnownFileType = sourcecode.c.h; path = JDHeadLineModel.h; sourceTree = "<group>"; };
		FF81DE7A1CBD206D005E96EA /* JDHeadLineModel.m */ = {isa = PBXFileReference; fileEncoding = 4; lastKnownFileType = sourcecode.c.objc; path = JDHeadLineModel.m; sourceTree = "<group>"; };
		FF81DE7C1CBD216C005E96EA /* JDNewsTool.h */ = {isa = PBXFileReference; fileEncoding = 4; lastKnownFileType = sourcecode.c.h; path = JDNewsTool.h; sourceTree = "<group>"; usesTabs = 0; };
		FF81DE7D1CBD216C005E96EA /* JDNewsTool.m */ = {isa = PBXFileReference; fileEncoding = 4; lastKnownFileType = sourcecode.c.objc; path = JDNewsTool.m; sourceTree = "<group>"; };
		FF81DE801CBD2209005E96EA /* AFHTTPSessionManager.h */ = {isa = PBXFileReference; fileEncoding = 4; lastKnownFileType = sourcecode.c.h; path = AFHTTPSessionManager.h; sourceTree = "<group>"; };
		FF81DE811CBD2209005E96EA /* AFHTTPSessionManager.m */ = {isa = PBXFileReference; fileEncoding = 4; lastKnownFileType = sourcecode.c.objc; path = AFHTTPSessionManager.m; sourceTree = "<group>"; };
		FF81DE821CBD2209005E96EA /* AFNetworking.h */ = {isa = PBXFileReference; fileEncoding = 4; lastKnownFileType = sourcecode.c.h; path = AFNetworking.h; sourceTree = "<group>"; };
		FF81DE831CBD2209005E96EA /* AFNetworkReachabilityManager.h */ = {isa = PBXFileReference; fileEncoding = 4; lastKnownFileType = sourcecode.c.h; path = AFNetworkReachabilityManager.h; sourceTree = "<group>"; };
		FF81DE841CBD2209005E96EA /* AFNetworkReachabilityManager.m */ = {isa = PBXFileReference; fileEncoding = 4; lastKnownFileType = sourcecode.c.objc; path = AFNetworkReachabilityManager.m; sourceTree = "<group>"; };
		FF81DE851CBD2209005E96EA /* AFSecurityPolicy.h */ = {isa = PBXFileReference; fileEncoding = 4; lastKnownFileType = sourcecode.c.h; path = AFSecurityPolicy.h; sourceTree = "<group>"; };
		FF81DE861CBD2209005E96EA /* AFSecurityPolicy.m */ = {isa = PBXFileReference; fileEncoding = 4; lastKnownFileType = sourcecode.c.objc; path = AFSecurityPolicy.m; sourceTree = "<group>"; };
		FF81DE871CBD2209005E96EA /* AFURLRequestSerialization.h */ = {isa = PBXFileReference; fileEncoding = 4; lastKnownFileType = sourcecode.c.h; path = AFURLRequestSerialization.h; sourceTree = "<group>"; };
		FF81DE881CBD2209005E96EA /* AFURLRequestSerialization.m */ = {isa = PBXFileReference; fileEncoding = 4; lastKnownFileType = sourcecode.c.objc; path = AFURLRequestSerialization.m; sourceTree = "<group>"; };
		FF81DE891CBD2209005E96EA /* AFURLResponseSerialization.h */ = {isa = PBXFileReference; fileEncoding = 4; lastKnownFileType = sourcecode.c.h; path = AFURLResponseSerialization.h; sourceTree = "<group>"; };
		FF81DE8A1CBD2209005E96EA /* AFURLResponseSerialization.m */ = {isa = PBXFileReference; fileEncoding = 4; lastKnownFileType = sourcecode.c.objc; path = AFURLResponseSerialization.m; sourceTree = "<group>"; };
		FF81DE8B1CBD2209005E96EA /* AFURLSessionManager.h */ = {isa = PBXFileReference; fileEncoding = 4; lastKnownFileType = sourcecode.c.h; path = AFURLSessionManager.h; sourceTree = "<group>"; };
		FF81DE8C1CBD2209005E96EA /* AFURLSessionManager.m */ = {isa = PBXFileReference; fileEncoding = 4; lastKnownFileType = sourcecode.c.objc; path = AFURLSessionManager.m; sourceTree = "<group>"; };
		FF81DE941CBD2212005E96EA /* NSObject+Log.h */ = {isa = PBXFileReference; fileEncoding = 4; lastKnownFileType = sourcecode.c.h; path = "NSObject+Log.h"; sourceTree = "<group>"; };
		FF81DE951CBD2212005E96EA /* NSObject+Log.m */ = {isa = PBXFileReference; fileEncoding = 4; lastKnownFileType = sourcecode.c.objc; path = "NSObject+Log.m"; sourceTree = "<group>"; };
		FFC21C5B1CBB93B000C6026E /* 网易新闻.app */ = {isa = PBXFileReference; explicitFileType = wrapper.application; includeInIndex = 0; path = "网易新闻.app"; sourceTree = BUILT_PRODUCTS_DIR; };
		FFC21C5F1CBB93B000C6026E /* main.m */ = {isa = PBXFileReference; lastKnownFileType = sourcecode.c.objc; path = main.m; sourceTree = "<group>"; };
		FFC21C611CBB93B000C6026E /* AppDelegate.h */ = {isa = PBXFileReference; lastKnownFileType = sourcecode.c.h; path = AppDelegate.h; sourceTree = "<group>"; };
		FFC21C621CBB93B000C6026E /* AppDelegate.m */ = {isa = PBXFileReference; lastKnownFileType = sourcecode.c.objc; path = AppDelegate.m; sourceTree = "<group>"; };
		FFC21C641CBB93B000C6026E /* JDHeadLineController.h */ = {isa = PBXFileReference; lastKnownFileType = sourcecode.c.h; path = JDHeadLineController.h; sourceTree = "<group>"; };
		FFC21C651CBB93B000C6026E /* JDHeadLineController.m */ = {isa = PBXFileReference; lastKnownFileType = sourcecode.c.objc; path = JDHeadLineController.m; sourceTree = "<group>"; };
		FFC21C681CBB93B000C6026E /* Base */ = {isa = PBXFileReference; lastKnownFileType = file.storyboard; name = Base; path = Base.lproj/Main.storyboard; sourceTree = "<group>"; };
		FFC21C6A1CBB93B000C6026E /* Assets.xcassets */ = {isa = PBXFileReference; lastKnownFileType = folder.assetcatalog; path = Assets.xcassets; sourceTree = "<group>"; };
		FFC21C6D1CBB93B000C6026E /* Base */ = {isa = PBXFileReference; lastKnownFileType = file.storyboard; name = Base; path = Base.lproj/LaunchScreen.storyboard; sourceTree = "<group>"; };
		FFC21C6F1CBB93B000C6026E /* Info.plist */ = {isa = PBXFileReference; lastKnownFileType = text.plist.xml; path = Info.plist; sourceTree = "<group>"; };
		FFF070051CBEA968008B836F /* JDLoopView.h */ = {isa = PBXFileReference; fileEncoding = 4; lastKnownFileType = sourcecode.c.h; path = JDLoopView.h; sourceTree = "<group>"; };
		FFF070061CBEA968008B836F /* JDLoopView.m */ = {isa = PBXFileReference; fileEncoding = 4; lastKnownFileType = sourcecode.c.objc; path = JDLoopView.m; sourceTree = "<group>"; };
		FFF070081CBEADAE008B836F /* JDLoopViewFLowLayout.h */ = {isa = PBXFileReference; fileEncoding = 4; lastKnownFileType = sourcecode.c.h; path = JDLoopViewFLowLayout.h; sourceTree = "<group>"; };
		FFF070091CBEADAE008B836F /* JDLoopViewFLowLayout.m */ = {isa = PBXFileReference; fileEncoding = 4; lastKnownFileType = sourcecode.c.objc; path = JDLoopViewFLowLayout.m; sourceTree = "<group>"; };
		FFF0700B1CBEADD7008B836F /* JDLoopViewCell.h */ = {isa = PBXFileReference; fileEncoding = 4; lastKnownFileType = sourcecode.c.h; path = JDLoopViewCell.h; sourceTree = "<group>"; };
		FFF0700C1CBEADD7008B836F /* JDLoopViewCell.m */ = {isa = PBXFileReference; fileEncoding = 4; lastKnownFileType = sourcecode.c.objc; path = JDLoopViewCell.m; sourceTree = "<group>"; };
		FFF0700F1CBF51DF008B836F /* MKAnnotationView+WebCache.h */ = {isa = PBXFileReference; fileEncoding = 4; lastKnownFileType = sourcecode.c.h; path = "MKAnnotationView+WebCache.h"; sourceTree = "<group>"; };
		FFF070101CBF51DF008B836F /* MKAnnotationView+WebCache.m */ = {isa = PBXFileReference; fileEncoding = 4; lastKnownFileType = sourcecode.c.objc; path = "MKAnnotationView+WebCache.m"; sourceTree = "<group>"; };
		FFF070111CBF51DF008B836F /* NSData+ImageContentType.h */ = {isa = PBXFileReference; fileEncoding = 4; lastKnownFileType = sourcecode.c.h; path = "NSData+ImageContentType.h"; sourceTree = "<group>"; };
		FFF070121CBF51DF008B836F /* NSData+ImageContentType.m */ = {isa = PBXFileReference; fileEncoding = 4; lastKnownFileType = sourcecode.c.objc; path = "NSData+ImageContentType.m"; sourceTree = "<group>"; };
		FFF070131CBF51DF008B836F /* SDImageCache.h */ = {isa = PBXFileReference; fileEncoding = 4; lastKnownFileType = sourcecode.c.h; path = SDImageCache.h; sourceTree = "<group>"; };
		FFF070141CBF51DF008B836F /* SDImageCache.m */ = {isa = PBXFileReference; fileEncoding = 4; lastKnownFileType = sourcecode.c.objc; path = SDImageCache.m; sourceTree = "<group>"; };
		FFF070151CBF51DF008B836F /* SDWebImageCompat.h */ = {isa = PBXFileReference; fileEncoding = 4; lastKnownFileType = sourcecode.c.h; path = SDWebImageCompat.h; sourceTree = "<group>"; };
		FFF070161CBF51DF008B836F /* SDWebImageCompat.m */ = {isa = PBXFileReference; fileEncoding = 4; lastKnownFileType = sourcecode.c.objc; path = SDWebImageCompat.m; sourceTree = "<group>"; };
		FFF070171CBF51DF008B836F /* SDWebImageDecoder.h */ = {isa = PBXFileReference; fileEncoding = 4; lastKnownFileType = sourcecode.c.h; path = SDWebImageDecoder.h; sourceTree = "<group>"; };
		FFF070181CBF51DF008B836F /* SDWebImageDecoder.m */ = {isa = PBXFileReference; fileEncoding = 4; lastKnownFileType = sourcecode.c.objc; path = SDWebImageDecoder.m; sourceTree = "<group>"; };
		FFF070191CBF51DF008B836F /* SDWebImageDownloader.h */ = {isa = PBXFileReference; fileEncoding = 4; lastKnownFileType = sourcecode.c.h; path = SDWebImageDownloader.h; sourceTree = "<group>"; };
		FFF0701A1CBF51DF008B836F /* SDWebImageDownloader.m */ = {isa = PBXFileReference; fileEncoding = 4; lastKnownFileType = sourcecode.c.objc; path = SDWebImageDownloader.m; sourceTree = "<group>"; };
		FFF0701B1CBF51DF008B836F /* SDWebImageDownloaderOperation.h */ = {isa = PBXFileReference; fileEncoding = 4; lastKnownFileType = sourcecode.c.h; path = SDWebImageDownloaderOperation.h; sourceTree = "<group>"; };
		FFF0701C1CBF51DF008B836F /* SDWebImageDownloaderOperation.m */ = {isa = PBXFileReference; fileEncoding = 4; lastKnownFileType = sourcecode.c.objc; path = SDWebImageDownloaderOperation.m; sourceTree = "<group>"; };
		FFF0701D1CBF51DF008B836F /* SDWebImageManager.h */ = {isa = PBXFileReference; fileEncoding = 4; lastKnownFileType = sourcecode.c.h; path = SDWebImageManager.h; sourceTree = "<group>"; };
		FFF0701E1CBF51DF008B836F /* SDWebImageManager.m */ = {isa = PBXFileReference; fileEncoding = 4; lastKnownFileType = sourcecode.c.objc; path = SDWebImageManager.m; sourceTree = "<group>"; };
		FFF0701F1CBF51DF008B836F /* SDWebImageOperation.h */ = {isa = PBXFileReference; fileEncoding = 4; lastKnownFileType = sourcecode.c.h; path = SDWebImageOperation.h; sourceTree = "<group>"; };
		FFF070201CBF51DF008B836F /* SDWebImagePrefetcher.h */ = {isa = PBXFileReference; fileEncoding = 4; lastKnownFileType = sourcecode.c.h; path = SDWebImagePrefetcher.h; sourceTree = "<group>"; };
		FFF070211CBF51DF008B836F /* SDWebImagePrefetcher.m */ = {isa = PBXFileReference; fileEncoding = 4; lastKnownFileType = sourcecode.c.objc; path = SDWebImagePrefetcher.m; sourceTree = "<group>"; };
		FFF070221CBF51DF008B836F /* UIButton+WebCache.h */ = {isa = PBXFileReference; fileEncoding = 4; lastKnownFileType = sourcecode.c.h; path = "UIButton+WebCache.h"; sourceTree = "<group>"; };
		FFF070231CBF51DF008B836F /* UIButton+WebCache.m */ = {isa = PBXFileReference; fileEncoding = 4; lastKnownFileType = sourcecode.c.objc; path = "UIButton+WebCache.m"; sourceTree = "<group>"; };
		FFF070241CBF51DF008B836F /* UIImage+GIF.h */ = {isa = PBXFileReference; fileEncoding = 4; lastKnownFileType = sourcecode.c.h; path = "UIImage+GIF.h"; sourceTree = "<group>"; };
		FFF070251CBF51DF008B836F /* UIImage+GIF.m */ = {isa = PBXFileReference; fileEncoding = 4; lastKnownFileType = sourcecode.c.objc; path = "UIImage+GIF.m"; sourceTree = "<group>"; };
		FFF070261CBF51DF008B836F /* UIImage+MultiFormat.h */ = {isa = PBXFileReference; fileEncoding = 4; lastKnownFileType = sourcecode.c.h; path = "UIImage+MultiFormat.h"; sourceTree = "<group>"; };
		FFF070271CBF51DF008B836F /* UIImage+MultiFormat.m */ = {isa = PBXFileReference; fileEncoding = 4; lastKnownFileType = sourcecode.c.objc; path = "UIImage+MultiFormat.m"; sourceTree = "<group>"; };
		FFF070281CBF51DF008B836F /* UIImage+WebP.h */ = {isa = PBXFileReference; fileEncoding = 4; lastKnownFileType = sourcecode.c.h; path = "UIImage+WebP.h"; sourceTree = "<group>"; };
		FFF070291CBF51DF008B836F /* UIImage+WebP.m */ = {isa = PBXFileReference; fileEncoding = 4; lastKnownFileType = sourcecode.c.objc; path = "UIImage+WebP.m"; sourceTree = "<group>"; };
		FFF0702A1CBF51DF008B836F /* UIImageView+HighlightedWebCache.h */ = {isa = PBXFileReference; fileEncoding = 4; lastKnownFileType = sourcecode.c.h; path = "UIImageView+HighlightedWebCache.h"; sourceTree = "<group>"; };
		FFF0702B1CBF51DF008B836F /* UIImageView+HighlightedWebCache.m */ = {isa = PBXFileReference; fileEncoding = 4; lastKnownFileType = sourcecode.c.objc; path = "UIImageView+HighlightedWebCache.m"; sourceTree = "<group>"; };
		FFF0702C1CBF51DF008B836F /* UIImageView+WebCache.h */ = {isa = PBXFileReference; fileEncoding = 4; lastKnownFileType = sourcecode.c.h; path = "UIImageView+WebCache.h"; sourceTree = "<group>"; };
		FFF0702D1CBF51DF008B836F /* UIImageView+WebCache.m */ = {isa = PBXFileReference; fileEncoding = 4; lastKnownFileType = sourcecode.c.objc; path = "UIImageView+WebCache.m"; sourceTree = "<group>"; };
		FFF0702E1CBF51DF008B836F /* UIView+WebCacheOperation.h */ = {isa = PBXFileReference; fileEncoding = 4; lastKnownFileType = sourcecode.c.h; path = "UIView+WebCacheOperation.h"; sourceTree = "<group>"; };
		FFF0702F1CBF51DF008B836F /* UIView+WebCacheOperation.m */ = {isa = PBXFileReference; fileEncoding = 4; lastKnownFileType = sourcecode.c.objc; path = "UIView+WebCacheOperation.m"; sourceTree = "<group>"; };
		FFF070DC1CC08F15008B836F /* JDNewsModel.h */ = {isa = PBXFileReference; fileEncoding = 4; lastKnownFileType = sourcecode.c.h; path = JDNewsModel.h; sourceTree = "<group>"; };
		FFF070DD1CC08F15008B836F /* JDNewsModel.m */ = {isa = PBXFileReference; fileEncoding = 4; lastKnownFileType = sourcecode.c.objc; path = JDNewsModel.m; sourceTree = "<group>"; };
		FFF070DF1CC08F28008B836F /* news.storyboard */ = {isa = PBXFileReference; fileEncoding = 4; lastKnownFileType = file.storyboard; path = news.storyboard; sourceTree = "<group>"; };
		FFF070E11CC09047008B836F /* JDNewsViewController.h */ = {isa = PBXFileReference; fileEncoding = 4; lastKnownFileType = sourcecode.c.h; path = JDNewsViewController.h; sourceTree = "<group>"; };
		FFF070E21CC09047008B836F /* JDNewsViewController.m */ = {isa = PBXFileReference; fileEncoding = 4; lastKnownFileType = sourcecode.c.objc; path = JDNewsViewController.m; sourceTree = "<group>"; };
		FFF070E41CC0BE40008B836F /* JDNewsCell.h */ = {isa = PBXFileReference; fileEncoding = 4; lastKnownFileType = sourcecode.c.h; path = JDNewsCell.h; sourceTree = "<group>"; };
		FFF070E51CC0BE40008B836F /* JDNewsCell.m */ = {isa = PBXFileReference; fileEncoding = 4; lastKnownFileType = sourcecode.c.objc; path = JDNewsCell.m; sourceTree = "<group>"; };
/* End PBXFileReference section */

/* Begin PBXFrameworksBuildPhase section */
		FFC21C581CBB93B000C6026E /* Frameworks */ = {
			isa = PBXFrameworksBuildPhase;
			buildActionMask = 2147483647;
			files = (
				BAF432B610306EDA4017586B /* libPods-网易新闻.a in Frameworks */,
			);
			runOnlyForDeploymentPostprocessing = 0;
		};
/* End PBXFrameworksBuildPhase section */

/* Begin PBXGroup section */
		9F074CA4CFCD35F495552605 /* Frameworks */ = {
			isa = PBXGroup;
			children = (
				8A48D61C71680CD7A676BDA2 /* libPods-网易新闻.a */,
			);
			name = Frameworks;
			sourceTree = "<group>";
		};
		EC514C7AD7F8C45AC7150950 /* Pods */ = {
			isa = PBXGroup;
			children = (
				F714C53F5171AE3ED046AA79 /* Pods-网易新闻.debug.xcconfig */,
				4841F8449CC31FD831C6D65E /* Pods-网易新闻.release.xcconfig */,
			);
			name = Pods;
			sourceTree = "<group>";
		};
		FF81DE771CBD2030005E96EA /* tools */ = {
			isa = PBXGroup;
			children = (
				FF81DE7C1CBD216C005E96EA /* JDNewsTool.h */,
				FF81DE7D1CBD216C005E96EA /* JDNewsTool.m */,
			);
			name = tools;
			sourceTree = "<group>";
		};
		FF81DE781CBD203B005E96EA /* HeadLine */ = {
			isa = PBXGroup;
			children = (
				FF81DE791CBD206D005E96EA /* JDHeadLineModel.h */,
				FF81DE7A1CBD206D005E96EA /* JDHeadLineModel.m */,
				FFC21C641CBB93B000C6026E /* JDHeadLineController.h */,
				FFC21C651CBB93B000C6026E /* JDHeadLineController.m */,
			);
			name = HeadLine;
			sourceTree = "<group>";
		};
		FF81DE7F1CBD2209005E96EA /* AFNetworking */ = {
			isa = PBXGroup;
			children = (
				FF81DE801CBD2209005E96EA /* AFHTTPSessionManager.h */,
				FF81DE811CBD2209005E96EA /* AFHTTPSessionManager.m */,
				FF81DE821CBD2209005E96EA /* AFNetworking.h */,
				FF81DE831CBD2209005E96EA /* AFNetworkReachabilityManager.h */,
				FF81DE841CBD2209005E96EA /* AFNetworkReachabilityManager.m */,
				FF81DE851CBD2209005E96EA /* AFSecurityPolicy.h */,
				FF81DE861CBD2209005E96EA /* AFSecurityPolicy.m */,
				FF81DE871CBD2209005E96EA /* AFURLRequestSerialization.h */,
				FF81DE881CBD2209005E96EA /* AFURLRequestSerialization.m */,
				FF81DE891CBD2209005E96EA /* AFURLResponseSerialization.h */,
				FF81DE8A1CBD2209005E96EA /* AFURLResponseSerialization.m */,
				FF81DE8B1CBD2209005E96EA /* AFURLSessionManager.h */,
				FF81DE8C1CBD2209005E96EA /* AFURLSessionManager.m */,
			);
			path = AFNetworking;
			sourceTree = "<group>";
		};
		FF81DE931CBD2212005E96EA /* Log */ = {
			isa = PBXGroup;
			children = (
				FF81DE941CBD2212005E96EA /* NSObject+Log.h */,
				FF81DE951CBD2212005E96EA /* NSObject+Log.m */,
			);
			path = Log;
			sourceTree = "<group>";
		};
		FFC21C521CBB93B000C6026E = {
			isa = PBXGroup;
			children = (
				FFF0700E1CBF51DF008B836F /* SDWebImage */,
				FF81DE931CBD2212005E96EA /* Log */,
				FF81DE7F1CBD2209005E96EA /* AFNetworking */,
				FFC21C5D1CBB93B000C6026E /* 网易新闻 */,
				FFC21C5C1CBB93B000C6026E /* Products */,
				EC514C7AD7F8C45AC7150950 /* Pods */,
				9F074CA4CFCD35F495552605 /* Frameworks */,
			);
			sourceTree = "<group>";
		};
		FFC21C5C1CBB93B000C6026E /* Products */ = {
			isa = PBXGroup;
			children = (
				FFC21C5B1CBB93B000C6026E /* 网易新闻.app */,
			);
			name = Products;
			sourceTree = "<group>";
		};
		FFC21C5D1CBB93B000C6026E /* 网易新闻 */ = {
			isa = PBXGroup;
			children = (
				FFF070DB1CC08EF0008B836F /* News */,
				FFF070041CBEA908008B836F /* LoopView */,
				FF81DE781CBD203B005E96EA /* HeadLine */,
				FF81DE771CBD2030005E96EA /* tools */,
				FFC21C611CBB93B000C6026E /* AppDelegate.h */,
				FFC21C621CBB93B000C6026E /* AppDelegate.m */,
				FFC21C671CBB93B000C6026E /* Main.storyboard */,
				FFC21C6A1CBB93B000C6026E /* Assets.xcassets */,
				FFC21C6C1CBB93B000C6026E /* LaunchScreen.storyboard */,
				FFC21C6F1CBB93B000C6026E /* Info.plist */,
				FFC21C5E1CBB93B000C6026E /* Supporting Files */,
				FF368C721CBD32BD003F480C /* Header.h */,
			);
			path = "网易新闻";
			sourceTree = "<group>";
		};
		FFC21C5E1CBB93B000C6026E /* Supporting Files */ = {
			isa = PBXGroup;
			children = (
				FFC21C5F1CBB93B000C6026E /* main.m */,
			);
			name = "Supporting Files";
			sourceTree = "<group>";
		};
		FFF070041CBEA908008B836F /* LoopView */ = {
			isa = PBXGroup;
			children = (
				FFF070051CBEA968008B836F /* JDLoopView.h */,
				FFF070061CBEA968008B836F /* JDLoopView.m */,
				FFF070081CBEADAE008B836F /* JDLoopViewFLowLayout.h */,
				FFF070091CBEADAE008B836F /* JDLoopViewFLowLayout.m */,
				FFF0700B1CBEADD7008B836F /* JDLoopViewCell.h */,
				FFF0700C1CBEADD7008B836F /* JDLoopViewCell.m */,
			);
			name = LoopView;
			sourceTree = "<group>";
		};
		FFF0700E1CBF51DF008B836F /* SDWebImage */ = {
			isa = PBXGroup;
			children = (
				FFF0700F1CBF51DF008B836F /* MKAnnotationView+WebCache.h */,
				FFF070101CBF51DF008B836F /* MKAnnotationView+WebCache.m */,
				FFF070111CBF51DF008B836F /* NSData+ImageContentType.h */,
				FFF070121CBF51DF008B836F /* NSData+ImageContentType.m */,
				FFF070131CBF51DF008B836F /* SDImageCache.h */,
				FFF070141CBF51DF008B836F /* SDImageCache.m */,
				FFF070151CBF51DF008B836F /* SDWebImageCompat.h */,
				FFF070161CBF51DF008B836F /* SDWebImageCompat.m */,
				FFF070171CBF51DF008B836F /* SDWebImageDecoder.h */,
				FFF070181CBF51DF008B836F /* SDWebImageDecoder.m */,
				FFF070191CBF51DF008B836F /* SDWebImageDownloader.h */,
				FFF0701A1CBF51DF008B836F /* SDWebImageDownloader.m */,
				FFF0701B1CBF51DF008B836F /* SDWebImageDownloaderOperation.h */,
				FFF0701C1CBF51DF008B836F /* SDWebImageDownloaderOperation.m */,
				FFF0701D1CBF51DF008B836F /* SDWebImageManager.h */,
				FFF0701E1CBF51DF008B836F /* SDWebImageManager.m */,
				FFF0701F1CBF51DF008B836F /* SDWebImageOperation.h */,
				FFF070201CBF51DF008B836F /* SDWebImagePrefetcher.h */,
				FFF070211CBF51DF008B836F /* SDWebImagePrefetcher.m */,
				FFF070221CBF51DF008B836F /* UIButton+WebCache.h */,
				FFF070231CBF51DF008B836F /* UIButton+WebCache.m */,
				FFF070241CBF51DF008B836F /* UIImage+GIF.h */,
				FFF070251CBF51DF008B836F /* UIImage+GIF.m */,
				FFF070261CBF51DF008B836F /* UIImage+MultiFormat.h */,
				FFF070271CBF51DF008B836F /* UIImage+MultiFormat.m */,
				FFF070281CBF51DF008B836F /* UIImage+WebP.h */,
				FFF070291CBF51DF008B836F /* UIImage+WebP.m */,
				FFF0702A1CBF51DF008B836F /* UIImageView+HighlightedWebCache.h */,
				FFF0702B1CBF51DF008B836F /* UIImageView+HighlightedWebCache.m */,
				FFF0702C1CBF51DF008B836F /* UIImageView+WebCache.h */,
				FFF0702D1CBF51DF008B836F /* UIImageView+WebCache.m */,
				FFF0702E1CBF51DF008B836F /* UIView+WebCacheOperation.h */,
				FFF0702F1CBF51DF008B836F /* UIView+WebCacheOperation.m */,
			);
			path = SDWebImage;
			sourceTree = "<group>";
		};
		FFF070DB1CC08EF0008B836F /* News */ = {
			isa = PBXGroup;
			children = (
				FFF070DC1CC08F15008B836F /* JDNewsModel.h */,
				FFF070DD1CC08F15008B836F /* JDNewsModel.m */,
				FFF070DF1CC08F28008B836F /* news.storyboard */,
				FFF070E11CC09047008B836F /* JDNewsViewController.h */,
				FFF070E21CC09047008B836F /* JDNewsViewController.m */,
				FFF070E41CC0BE40008B836F /* JDNewsCell.h */,
				FFF070E51CC0BE40008B836F /* JDNewsCell.m */,
			);
			name = News;
			sourceTree = "<group>";
		};
/* End PBXGroup section */

/* Begin PBXNativeTarget section */
		FFC21C5A1CBB93B000C6026E /* 网易新闻 */ = {
			isa = PBXNativeTarget;
			buildConfigurationList = FFC21C721CBB93B000C6026E /* Build configuration list for PBXNativeTarget "网易新闻" */;
			buildPhases = (
				6894F368BFA1CFDDA7E0F267 /* Check Pods Manifest.lock */,
				FFC21C571CBB93B000C6026E /* Sources */,
				FFC21C581CBB93B000C6026E /* Frameworks */,
				FFC21C591CBB93B000C6026E /* Resources */,
				352A3FB61D651A02E0F88FA3 /* Embed Pods Frameworks */,
				75307023F06150E4BADC41D3 /* Copy Pods Resources */,
			);
			buildRules = (
			);
			dependencies = (
			);
			name = "网易新闻";
			productName = "网易新闻";
			productReference = FFC21C5B1CBB93B000C6026E /* 网易新闻.app */;
			productType = "com.apple.product-type.application";
		};
/* End PBXNativeTarget section */

/* Begin PBXProject section */
		FFC21C531CBB93B000C6026E /* Project object */ = {
			isa = PBXProject;
			attributes = {
				CLASSPREFIX = JD;
				LastUpgradeCheck = 0720;
				ORGANIZATIONNAME = helangxin;
				TargetAttributes = {
					FFC21C5A1CBB93B000C6026E = {
						CreatedOnToolsVersion = 7.2;
						DevelopmentTeam = JNTFNJJP3D;
					};
				};
			};
			buildConfigurationList = FFC21C561CBB93B000C6026E /* Build configuration list for PBXProject "网易新闻" */;
			compatibilityVersion = "Xcode 3.2";
			developmentRegion = English;
			hasScannedForEncodings = 0;
			knownRegions = (
				en,
				Base,
			);
			mainGroup = FFC21C521CBB93B000C6026E;
			productRefGroup = FFC21C5C1CBB93B000C6026E /* Products */;
			projectDirPath = "";
			projectRoot = "";
			targets = (
				FFC21C5A1CBB93B000C6026E /* 网易新闻 */,
			);
		};
/* End PBXProject section */

/* Begin PBXResourcesBuildPhase section */
		FFC21C591CBB93B000C6026E /* Resources */ = {
			isa = PBXResourcesBuildPhase;
			buildActionMask = 2147483647;
			files = (
				FFC21C6E1CBB93B000C6026E /* LaunchScreen.storyboard in Resources */,
				FFC21C6B1CBB93B000C6026E /* Assets.xcassets in Resources */,
				FFC21C691CBB93B000C6026E /* Main.storyboard in Resources */,
				FFF070E01CC08F28008B836F /* news.storyboard in Resources */,
			);
			runOnlyForDeploymentPostprocessing = 0;
		};
/* End PBXResourcesBuildPhase section */

/* Begin PBXShellScriptBuildPhase section */
		352A3FB61D651A02E0F88FA3 /* Embed Pods Frameworks */ = {
			isa = PBXShellScriptBuildPhase;
			buildActionMask = 2147483647;
			files = (
			);
			inputPaths = (
			);
			name = "Embed Pods Frameworks";
			outputPaths = (
			);
			runOnlyForDeploymentPostprocessing = 0;
			shellPath = /bin/sh;
			shellScript = "\"${SRCROOT}/Pods/Target Support Files/Pods-网易新闻/Pods-网易新闻-frameworks.sh\"\n";
			showEnvVarsInLog = 0;
		};
		6894F368BFA1CFDDA7E0F267 /* Check Pods Manifest.lock */ = {
			isa = PBXShellScriptBuildPhase;
			buildActionMask = 2147483647;
			files = (
			);
			inputPaths = (
			);
			name = "Check Pods Manifest.lock";
			outputPaths = (
			);
			runOnlyForDeploymentPostprocessing = 0;
			shellPath = /bin/sh;
			shellScript = "diff \"${PODS_ROOT}/../Podfile.lock\" \"${PODS_ROOT}/Manifest.lock\" > /dev/null\nif [[ $? != 0 ]] ; then\n    cat << EOM\nerror: The sandbox is not in sync with the Podfile.lock. Run 'pod install' or update your CocoaPods installation.\nEOM\n    exit 1\nfi\n";
			showEnvVarsInLog = 0;
		};
		75307023F06150E4BADC41D3 /* Copy Pods Resources */ = {
			isa = PBXShellScriptBuildPhase;
			buildActionMask = 2147483647;
			files = (
			);
			inputPaths = (
			);
			name = "Copy Pods Resources";
			outputPaths = (
			);
			runOnlyForDeploymentPostprocessing = 0;
			shellPath = /bin/sh;
			shellScript = "\"${SRCROOT}/Pods/Target Support Files/Pods-网易新闻/Pods-网易新闻-resources.sh\"\n";
			showEnvVarsInLog = 0;
		};
/* End PBXShellScriptBuildPhase section */

/* Begin PBXSourcesBuildPhase section */
		FFC21C571CBB93B000C6026E /* Sources */ = {
			isa = PBXSourcesBuildPhase;
			buildActionMask = 2147483647;
			files = (
				FFF0703A1CBF51DF008B836F /* UIImage+GIF.m in Sources */,
				FFF070371CBF51DF008B836F /* SDWebImageManager.m in Sources */,
				FFF0703E1CBF51DF008B836F /* UIImageView+WebCache.m in Sources */,
				FFF070361CBF51DF008B836F /* SDWebImageDownloaderOperation.m in Sources */,
				FFF070DE1CC08F15008B836F /* JDNewsModel.m in Sources */,
				FFF0700A1CBEADAE008B836F /* JDLoopViewFLowLayout.m in Sources */,
				FFF070321CBF51DF008B836F /* SDImageCache.m in Sources */,
				FFF070301CBF51DF008B836F /* MKAnnotationView+WebCache.m in Sources */,
				FFF070E61CC0BE40008B836F /* JDNewsCell.m in Sources */,
				FF81DE901CBD2209005E96EA /* AFURLRequestSerialization.m in Sources */,
				FFF0703B1CBF51DF008B836F /* UIImage+MultiFormat.m in Sources */,
				FFC21C661CBB93B000C6026E /* JDHeadLineController.m in Sources */,
				FFF070E31CC09047008B836F /* JDNewsViewController.m in Sources */,
				FF81DE961CBD2212005E96EA /* NSObject+Log.m in Sources */,
				FFF0703F1CBF51DF008B836F /* UIView+WebCacheOperation.m in Sources */,
				FF81DE7E1CBD216C005E96EA /* JDNewsTool.m in Sources */,
				FFF0703C1CBF51DF008B836F /* UIImage+WebP.m in Sources */,
				FFF070381CBF51DF008B836F /* SDWebImagePrefetcher.m in Sources */,
				FF81DE7B1CBD206D005E96EA /* JDHeadLineModel.m in Sources */,
				FF81DE921CBD2209005E96EA /* AFURLSessionManager.m in Sources */,
				FFF0700D1CBEADD7008B836F /* JDLoopViewCell.m in Sources */,
				FFF070331CBF51DF008B836F /* SDWebImageCompat.m in Sources */,
				FFF070311CBF51DF008B836F /* NSData+ImageContentType.m in Sources */,
				FFF070341CBF51DF008B836F /* SDWebImageDecoder.m in Sources */,
				FF81DE911CBD2209005E96EA /* AFURLResponseSerialization.m in Sources */,
				FFF0703D1CBF51DF008B836F /* UIImageView+HighlightedWebCache.m in Sources */,
				FFF070391CBF51DF008B836F /* UIButton+WebCache.m in Sources */,
				FF81DE8E1CBD2209005E96EA /* AFNetworkReachabilityManager.m in Sources */,
				FF81DE8F1CBD2209005E96EA /* AFSecurityPolicy.m in Sources */,
				FFF070071CBEA968008B836F /* JDLoopView.m in Sources */,
				FF81DE8D1CBD2209005E96EA /* AFHTTPSessionManager.m in Sources */,
				FFC21C631CBB93B000C6026E /* AppDelegate.m in Sources */,
				FFF070351CBF51DF008B836F /* SDWebImageDownloader.m in Sources */,
				FFC21C601CBB93B000C6026E /* main.m in Sources */,
			);
			runOnlyForDeploymentPostprocessing = 0;
		};
/* End PBXSourcesBuildPhase section */

/* Begin PBXVariantGroup section */
		FFC21C671CBB93B000C6026E /* Main.storyboard */ = {
			isa = PBXVariantGroup;
			children = (
				FFC21C681CBB93B000C6026E /* Base */,
			);
			name = Main.storyboard;
			sourceTree = "<group>";
		};
		FFC21C6C1CBB93B000C6026E /* LaunchScreen.storyboard */ = {
			isa = PBXVariantGroup;
			children = (
				FFC21C6D1CBB93B000C6026E /* Base */,
			);
			name = LaunchScreen.storyboard;
			sourceTree = "<group>";
		};
/* End PBXVariantGroup section */

/* Begin XCBuildConfiguration section */
		FFC21C701CBB93B000C6026E /* Debug */ = {
			isa = XCBuildConfiguration;
			buildSettings = {
				ALWAYS_SEARCH_USER_PATHS = NO;
				CLANG_CXX_LANGUAGE_STANDARD = "gnu++0x";
				CLANG_CXX_LIBRARY = "libc++";
				CLANG_ENABLE_MODULES = YES;
				CLANG_ENABLE_OBJC_ARC = YES;
				CLANG_WARN_BOOL_CONVERSION = YES;
				CLANG_WARN_CONSTANT_CONVERSION = YES;
				CLANG_WARN_DIRECT_OBJC_ISA_USAGE = YES_ERROR;
				CLANG_WARN_EMPTY_BODY = YES;
				CLANG_WARN_ENUM_CONVERSION = YES;
				CLANG_WARN_INT_CONVERSION = YES;
				CLANG_WARN_OBJC_ROOT_CLASS = YES_ERROR;
				CLANG_WARN_UNREACHABLE_CODE = YES;
				CLANG_WARN__DUPLICATE_METHOD_MATCH = YES;
				"CODE_SIGN_IDENTITY[sdk=iphoneos*]" = "iPhone Developer";
				COPY_PHASE_STRIP = NO;
				DEBUG_INFORMATION_FORMAT = dwarf;
				ENABLE_STRICT_OBJC_MSGSEND = YES;
				ENABLE_TESTABILITY = YES;
				GCC_C_LANGUAGE_STANDARD = gnu99;
				GCC_DYNAMIC_NO_PIC = NO;
				GCC_NO_COMMON_BLOCKS = YES;
				GCC_OPTIMIZATION_LEVEL = 0;
				GCC_PREPROCESSOR_DEFINITIONS = (
					"DEBUG=1",
					"$(inherited)",
				);
				GCC_WARN_64_TO_32_BIT_CONVERSION = YES;
				GCC_WARN_ABOUT_RETURN_TYPE = YES_ERROR;
				GCC_WARN_UNDECLARED_SELECTOR = YES;
				GCC_WARN_UNINITIALIZED_AUTOS = YES_AGGRESSIVE;
				GCC_WARN_UNUSED_FUNCTION = YES;
				GCC_WARN_UNUSED_VARIABLE = YES;
				IPHONEOS_DEPLOYMENT_TARGET = 9.2;
				MTL_ENABLE_DEBUG_INFO = YES;
				ONLY_ACTIVE_ARCH = YES;
				SDKROOT = iphoneos;
			};
			name = Debug;
		};
		FFC21C711CBB93B000C6026E /* Release */ = {
			isa = XCBuildConfiguration;
			buildSettings = {
				ALWAYS_SEARCH_USER_PATHS = NO;
				CLANG_CXX_LANGUAGE_STANDARD = "gnu++0x";
				CLANG_CXX_LIBRARY = "libc++";
				CLANG_ENABLE_MODULES = YES;
				CLANG_ENABLE_OBJC_ARC = YES;
				CLANG_WARN_BOOL_CONVERSION = YES;
				CLANG_WARN_CONSTANT_CONVERSION = YES;
				CLANG_WARN_DIRECT_OBJC_ISA_USAGE = YES_ERROR;
				CLANG_WARN_EMPTY_BODY = YES;
				CLANG_WARN_ENUM_CONVERSION = YES;
				CLANG_WARN_INT_CONVERSION = YES;
				CLANG_WARN_OBJC_ROOT_CLASS = YES_ERROR;
				CLANG_WARN_UNREACHABLE_CODE = YES;
				CLANG_WARN__DUPLICATE_METHOD_MATCH = YES;
				"CODE_SIGN_IDENTITY[sdk=iphoneos*]" = "iPhone Developer";
				COPY_PHASE_STRIP = NO;
				DEBUG_INFORMATION_FORMAT = "dwarf-with-dsym";
				ENABLE_NS_ASSERTIONS = NO;
				ENABLE_STRICT_OBJC_MSGSEND = YES;
				GCC_C_LANGUAGE_STANDARD = gnu99;
				GCC_NO_COMMON_BLOCKS = YES;
				GCC_WARN_64_TO_32_BIT_CONVERSION = YES;
				GCC_WARN_ABOUT_RETURN_TYPE = YES_ERROR;
				GCC_WARN_UNDECLARED_SELECTOR = YES;
				GCC_WARN_UNINITIALIZED_AUTOS = YES_AGGRESSIVE;
				GCC_WARN_UNUSED_FUNCTION = YES;
				GCC_WARN_UNUSED_VARIABLE = YES;
				IPHONEOS_DEPLOYMENT_TARGET = 9.2;
				MTL_ENABLE_DEBUG_INFO = NO;
				SDKROOT = iphoneos;
				VALIDATE_PRODUCT = YES;
			};
			name = Release;
		};
		FFC21C731CBB93B000C6026E /* Debug */ = {
			isa = XCBuildConfiguration;
			baseConfigurationReference = F714C53F5171AE3ED046AA79 /* Pods-网易新闻.debug.xcconfig */;
			buildSettings = {
				ASSETCATALOG_COMPILER_APPICON_NAME = AppIcon;
				INFOPLIST_FILE = "网易新闻/Info.plist";
				LD_RUNPATH_SEARCH_PATHS = "$(inherited) @executable_path/Frameworks";
				PRODUCT_BUNDLE_IDENTIFIER = "ios.----";
				PRODUCT_NAME = "$(TARGET_NAME)";
			};
			name = Debug;
		};
		FFC21C741CBB93B000C6026E /* Release */ = {
			isa = XCBuildConfiguration;
			baseConfigurationReference = 4841F8449CC31FD831C6D65E /* Pods-网易新闻.release.xcconfig */;
			buildSettings = {
				ASSETCATALOG_COMPILER_APPICON_NAME = AppIcon;
				INFOPLIST_FILE = "网易新闻/Info.plist";
				LD_RUNPATH_SEARCH_PATHS = "$(inherited) @executable_path/Frameworks";
				PRODUCT_BUNDLE_IDENTIFIER = "ios.----";
				PRODUCT_NAME = "$(TARGET_NAME)";
			};
			name = Release;
		};
/* End XCBuildConfiguration section */

/* Begin XCConfigurationList section */
		FFC21C561CBB93B000C6026E /* Build configuration list for PBXProject "网易新闻" */ = {
			isa = XCConfigurationList;
			buildConfigurations = (
				FFC21C701CBB93B000C6026E /* Debug */,
				FFC21C711CBB93B000C6026E /* Release */,
			);
			defaultConfigurationIsVisible = 0;
			defaultConfigurationName = Release;
		};
		FFC21C721CBB93B000C6026E /* Build configuration list for PBXNativeTarget "网易新闻" */ = {
			isa = XCConfigurationList;
			buildConfigurations = (
				FFC21C731CBB93B000C6026E /* Debug */,
				FFC21C741CBB93B000C6026E /* Release */,
			);
			defaultConfigurationIsVisible = 0;
			defaultConfigurationName = Release;
		};
/* End XCConfigurationList section */
	};
	rootObject = FFC21C531CBB93B000C6026E /* Project object */;
}
